
Microsoft Visual Studio Solution File, Format Version 12.00
# Visual Studio Version 17
VisualStudioVersion = 17.1.32210.238
MinimumVisualStudioVersion = 10.0.40219.1
Project("{9A19103F-16F7-4668-BE54-9A1E7A4F7556}") = "GrpcWebSocketBridge.AspNetCore", "src\GrpcWebSocketBridge.AspNetCore\GrpcWebSocketBridge.AspNetCore.csproj", "{05A8E27E-E6A7-4E94-8D83-6E96C413DE7B}"
EndProject
Project("{9A19103F-16F7-4668-BE54-9A1E7A4F7556}") = "GrpcWebSocketBridge.Client", "src\GrpcWebSocketBridge.Client\GrpcWebSocketBridge.Client.csproj", "{6767977C-0259-4E59-8F37-B54CD84F773D}"
EndProject
Project("{2150E333-8FDC-42A3-9474-1A3956D46DE8}") = "Solution Items", "Solution Items", "{FADD2BBD-1E01-4ACC-82C6-594B82A7FEDE}"
	ProjectSection(SolutionItems) = preProject
		.editorconfig = .editorconfig
		.gitignore = .gitignore
		Directory.Build.props = Directory.Build.props
		README.md = README.md
	EndProjectSection
EndProject
Project("{2150E333-8FDC-42A3-9474-1A3956D46DE8}") = "External", "External", "{A0142A94-8868-4F8E-A2A7-90288B6D0768}"
EndProject
Project("{9A19103F-16F7-4668-BE54-9A1E7A4F7556}") = "Grpc.Net.Client", "src\External\Grpc.Net.Client\Grpc.Net.Client.csproj", "{D3FC15CA-CE9D-4452-A9FB-15CA7F4F981C}"
EndProject
Project("{9A19103F-16F7-4668-BE54-9A1E7A4F7556}") = "Grpc.Net.Common", "src\External\Grpc.Net.Common\Grpc.Net.Common.csproj", "{E3D09248-6DAD-42FA-8309-BCD66A55B29A}"
EndProject
Project("{9A19103F-16F7-4668-BE54-9A1E7A4F7556}") = "GrpcWebSocketBridge.Tests", "tests\GrpcWebSocketBridge.Tests\GrpcWebSocketBridge.Tests.csproj", "{67336BE5-7F54-41F3-A310-32FA701E0095}"
EndProject
Project("{2150E333-8FDC-42A3-9474-1A3956D46DE8}") = "GitHub Actions", "GitHub Actions", "{E56A1520-1150-4284-AA89-9EFC2EC3CE56}"
	ProjectSection(SolutionItems) = preProject
		.github\workflows\build-canary.yml = .github\workflows\build-canary.yml
		.github\workflows\build-pr.yml = .github\workflows\build-pr.yml
		.github\workflows\build-release.yml = .github\workflows\build-release.yml
	EndProjectSection
EndProject
Project("{9A19103F-16F7-4668-BE54-9A1E7A4F7556}") = "GrpcWebSocketBridge.Shared", "src\GrpcWebSocketBridge.Shared\GrpcWebSocketBridge.Shared.csproj", "{BE3B376E-80DA-493C-AF38-E747E60A30B8}"
EndProject
Project("{2150E333-8FDC-42A3-9474-1A3956D46DE8}") = "Samples", "Samples", "{B9487050-7082-4FDE-843F-0BAE34A50C87}"
EndProject
Project("{9A19103F-16F7-4668-BE54-9A1E7A4F7556}") = "GrpcSampleApp.Server", "samples\GrpcSampleApp.Server\GrpcSampleApp.Server.csproj", "{3DE92F79-5ED8-4EB1-BCCF-5E0B8C4526D1}"
EndProject
Project("{9A19103F-16F7-4668-BE54-9A1E7A4F7556}") = "GrpcSampleApp.Client.Console", "samples\GrpcSampleApp.Client.Console\GrpcSampleApp.Client.Console.csproj", "{00B362E4-FD30-4D4A-BF84-A33E72CDA958}"
EndProject
Project("{9A19103F-16F7-4668-BE54-9A1E7A4F7556}") = "GrpcSampleApp.Client.BlazorWasm", "samples\GrpcSampleApp.Client.BlazorWasm\GrpcSampleApp.Client.BlazorWasm.csproj", "{EDA6B3F3-159C-40C6-A49D-444A27A2A858}"
EndProject
Project("{2150E333-8FDC-42A3-9474-1A3956D46DE8}") = "MagicOnionSampleApp", "MagicOnionSampleApp", "{851FD64E-39CD-4088-A691-CF2C4522A062}"
EndProject
Project("{9A19103F-16F7-4668-BE54-9A1E7A4F7556}") = "MagicOnionSampleApp.Server", "samples\MagicOnionSampleApp.Server\MagicOnionSampleApp.Server.csproj", "{897A6ED7-286B-470D-9E33-265C348C5B3B}"
EndProject
Project("{9A19103F-16F7-4668-BE54-9A1E7A4F7556}") = "MagicOnionSampleApp.Client.Console", "samples\MagicOnionSampleApp.Client.Console\MagicOnionSampleApp.Client.Console.csproj", "{42B253F3-7901-4048-BB79-5A7D75AAD741}"
EndProject
Project("{9A19103F-16F7-4668-BE54-9A1E7A4F7556}") = "MagicOnionSampleApp.Client.BlazorWasm", "samples\MagicOnionSampleApp.Client.BlazorWasm\MagicOnionSampleApp.Client.BlazorWasm.csproj", "{DB6B6354-6998-4A28-9B8A-5EBDF206802D}"
EndProject
Project("{9A19103F-16F7-4668-BE54-9A1E7A4F7556}") = "MagicOnionSampleApp.Shared", "samples\MagicOnionSampleApp.Shared\MagicOnionSampleApp.Shared.csproj", "{2290FC7E-C66E-46C4-932B-A08462D2230B}"
EndProject
Global
	GlobalSection(SolutionConfigurationPlatforms) = preSolution
		Debug|Any CPU = Debug|Any CPU
		Release|Any CPU = Release|Any CPU
	EndGlobalSection
	GlobalSection(ProjectConfigurationPlatforms) = postSolution
		{05A8E27E-E6A7-4E94-8D83-6E96C413DE7B}.Debug|Any CPU.ActiveCfg = Debug|Any CPU
		{05A8E27E-E6A7-4E94-8D83-6E96C413DE7B}.Debug|Any CPU.Build.0 = Debug|Any CPU
		{05A8E27E-E6A7-4E94-8D83-6E96C413DE7B}.Release|Any CPU.ActiveCfg = Release|Any CPU
		{05A8E27E-E6A7-4E94-8D83-6E96C413DE7B}.Release|Any CPU.Build.0 = Release|Any CPU
		{6767977C-0259-4E59-8F37-B54CD84F773D}.Debug|Any CPU.ActiveCfg = Debug|Any CPU
		{6767977C-0259-4E59-8F37-B54CD84F773D}.Debug|Any CPU.Build.0 = Debug|Any CPU
		{6767977C-0259-4E59-8F37-B54CD84F773D}.Release|Any CPU.ActiveCfg = Release|Any CPU
		{6767977C-0259-4E59-8F37-B54CD84F773D}.Release|Any CPU.Build.0 = Release|Any CPU
		{D3FC15CA-CE9D-4452-A9FB-15CA7F4F981C}.Debug|Any CPU.ActiveCfg = Debug|Any CPU
		{D3FC15CA-CE9D-4452-A9FB-15CA7F4F981C}.Debug|Any CPU.Build.0 = Debug|Any CPU
		{D3FC15CA-CE9D-4452-A9FB-15CA7F4F981C}.Release|Any CPU.ActiveCfg = Release|Any CPU
		{D3FC15CA-CE9D-4452-A9FB-15CA7F4F981C}.Release|Any CPU.Build.0 = Release|Any CPU
		{E3D09248-6DAD-42FA-8309-BCD66A55B29A}.Debug|Any CPU.ActiveCfg = Debug|Any CPU
		{E3D09248-6DAD-42FA-8309-BCD66A55B29A}.Debug|Any CPU.Build.0 = Debug|Any CPU
		{E3D09248-6DAD-42FA-8309-BCD66A55B29A}.Release|Any CPU.ActiveCfg = Release|Any CPU
		{E3D09248-6DAD-42FA-8309-BCD66A55B29A}.Release|Any CPU.Build.0 = Release|Any CPU
		{67336BE5-7F54-41F3-A310-32FA701E0095}.Debug|Any CPU.ActiveCfg = Debug|Any CPU
		{67336BE5-7F54-41F3-A310-32FA701E0095}.Debug|Any CPU.Build.0 = Debug|Any CPU
		{67336BE5-7F54-41F3-A310-32FA701E0095}.Release|Any CPU.ActiveCfg = Release|Any CPU
		{67336BE5-7F54-41F3-A310-32FA701E0095}.Release|Any CPU.Build.0 = Release|Any CPU
		{BE3B376E-80DA-493C-AF38-E747E60A30B8}.Debug|Any CPU.ActiveCfg = Debug|Any CPU
		{BE3B376E-80DA-493C-AF38-E747E60A30B8}.Debug|Any CPU.Build.0 = Debug|Any CPU
		{BE3B376E-80DA-493C-AF38-E747E60A30B8}.Release|Any CPU.ActiveCfg = Release|Any CPU
		{BE3B376E-80DA-493C-AF38-E747E60A30B8}.Release|Any CPU.Build.0 = Release|Any CPU
		{3DE92F79-5ED8-4EB1-BCCF-5E0B8C4526D1}.Debug|Any CPU.ActiveCfg = Debug|Any CPU
		{3DE92F79-5ED8-4EB1-BCCF-5E0B8C4526D1}.Debug|Any CPU.Build.0 = Debug|Any CPU
		{3DE92F79-5ED8-4EB1-BCCF-5E0B8C4526D1}.Release|Any CPU.ActiveCfg = Release|Any CPU
		{3DE92F79-5ED8-4EB1-BCCF-5E0B8C4526D1}.Release|Any CPU.Build.0 = Release|Any CPU
		{00B362E4-FD30-4D4A-BF84-A33E72CDA958}.Debug|Any CPU.ActiveCfg = Debug|Any CPU
		{00B362E4-FD30-4D4A-BF84-A33E72CDA958}.Debug|Any CPU.Build.0 = Debug|Any CPU
		{00B362E4-FD30-4D4A-BF84-A33E72CDA958}.Release|Any CPU.ActiveCfg = Release|Any CPU
		{00B362E4-FD30-4D4A-BF84-A33E72CDA958}.Release|Any CPU.Build.0 = Release|Any CPU
		{EDA6B3F3-159C-40C6-A49D-444A27A2A858}.Debug|Any CPU.ActiveCfg = Debug|Any CPU
		{EDA6B3F3-159C-40C6-A49D-444A27A2A858}.Debug|Any CPU.Build.0 = Debug|Any CPU
		{EDA6B3F3-159C-40C6-A49D-444A27A2A858}.Release|Any CPU.ActiveCfg = Release|Any CPU
		{EDA6B3F3-159C-40C6-A49D-444A27A2A858}.Release|Any CPU.Build.0 = Release|Any CPU
		{897A6ED7-286B-470D-9E33-265C348C5B3B}.Debug|Any CPU.ActiveCfg = Debug|Any CPU
		{897A6ED7-286B-470D-9E33-265C348C5B3B}.Debug|Any CPU.Build.0 = Debug|Any CPU
		{897A6ED7-286B-470D-9E33-265C348C5B3B}.Release|Any CPU.ActiveCfg = Release|Any CPU
		{897A6ED7-286B-470D-9E33-265C348C5B3B}.Release|Any CPU.Build.0 = Release|Any CPU
		{42B253F3-7901-4048-BB79-5A7D75AAD741}.Debug|Any CPU.ActiveCfg = Debug|Any CPU
		{42B253F3-7901-4048-BB79-5A7D75AAD741}.Debug|Any CPU.Build.0 = Debug|Any CPU
		{42B253F3-7901-4048-BB79-5A7D75AAD741}.Release|Any CPU.ActiveCfg = Release|Any CPU
		{42B253F3-7901-4048-BB79-5A7D75AAD741}.Release|Any CPU.Build.0 = Release|Any CPU
		{DB6B6354-6998-4A28-9B8A-5EBDF206802D}.Debug|Any CPU.ActiveCfg = Debug|Any CPU
		{DB6B6354-6998-4A28-9B8A-5EBDF206802D}.Debug|Any CPU.Build.0 = Debug|Any CPU
		{DB6B6354-6998-4A28-9B8A-5EBDF206802D}.Release|Any CPU.ActiveCfg = Release|Any CPU
		{DB6B6354-6998-4A28-9B8A-5EBDF206802D}.Release|Any CPU.Build.0 = Release|Any CPU
		{2290FC7E-C66E-46C4-932B-A08462D2230B}.Debug|Any CPU.ActiveCfg = Debug|Any CPU
		{2290FC7E-C66E-46C4-932B-A08462D2230B}.Debug|Any CPU.Build.0 = Debug|Any CPU
		{2290FC7E-C66E-46C4-932B-A08462D2230B}.Release|Any CPU.ActiveCfg = Release|Any CPU
		{2290FC7E-C66E-46C4-932B-A08462D2230B}.Release|Any CPU.Build.0 = Release|Any CPU
	EndGlobalSection
	GlobalSection(SolutionProperties) = preSolution
		HideSolutionNode = FALSE
	EndGlobalSection
	GlobalSection(NestedProjects) = preSolution
		{D3FC15CA-CE9D-4452-A9FB-15CA7F4F981C} = {A0142A94-8868-4F8E-A2A7-90288B6D0768}
		{E3D09248-6DAD-42FA-8309-BCD66A55B29A} = {A0142A94-8868-4F8E-A2A7-90288B6D0768}
		{E56A1520-1150-4284-AA89-9EFC2EC3CE56} = {FADD2BBD-1E01-4ACC-82C6-594B82A7FEDE}
		{3DE92F79-5ED8-4EB1-BCCF-5E0B8C4526D1} = {B9487050-7082-4FDE-843F-0BAE34A50C87}
		{00B362E4-FD30-4D4A-BF84-A33E72CDA958} = {B9487050-7082-4FDE-843F-0BAE34A50C87}
		{EDA6B3F3-159C-40C6-A49D-444A27A2A858} = {B9487050-7082-4FDE-843F-0BAE34A50C87}
		{851FD64E-39CD-4088-A691-CF2C4522A062} = {B9487050-7082-4FDE-843F-0BAE34A50C87}
		{897A6ED7-286B-470D-9E33-265C348C5B3B} = {851FD64E-39CD-4088-A691-CF2C4522A062}
		{42B253F3-7901-4048-BB79-5A7D75AAD741} = {851FD64E-39CD-4088-A691-CF2C4522A062}
		{DB6B6354-6998-4A28-9B8A-5EBDF206802D} = {851FD64E-39CD-4088-A691-CF2C4522A062}
		{2290FC7E-C66E-46C4-932B-A08462D2230B} = {851FD64E-39CD-4088-A691-CF2C4522A062}
	EndGlobalSection
	GlobalSection(ExtensibilityGlobals) = postSolution
		SolutionGuid = {5860F711-332B-43A9-85C5-586D5535F2CE}
	EndGlobalSection
EndGlobal
